BASE_IMAGE=ubuntu:24.04@sha256:4fbb8e6a8395de5a7550b33509421a2bafbc0aab6c06ba2cef9ebffbc7092d90
COURSE_IMAGE_ARM64=lanzhou-course-starter:1.0.0-arm64
COURSE_IMAGE_ARM64_ID=sha256:8a630a0e9e7af5f408f742d91a6e068570c54ecb94414bc332938cebdd58b688
COURSE_IMAGE_AMD64=lanzhou-course-starter:1.0.0-amd64
COURSE_IMAGE_AMD64_ID=sha256:ea6f8280c337fc7482f8e6e19d9c29b9a0ed327feb2012992a6a9a6f172cda44
PLATFORMS=linux/arm64,linux/amd64
